
Microsoft Visual Studio Solution File, Format Version 12.00
# Visual Studio Version 17
VisualStudioVersion = 17.14.36202.13 d17.14
MinimumVisualStudioVersion = 10.0.40219.1
Project("{FAE04EC0-301F-11D3-BF4B-00C04F79EFBC}") = "SmartTaskFlow", "SmartTaskFlow\SmartTaskFlow.csproj", "{6E8068FB-8A5F-4BF5-B62C-DFB2E19200F4}"
EndProject
Global
	GlobalSection(SolutionConfigurationPlatforms) = preSolution
		Debug|Any CPU = Debug|Any CPU
		Release|Any CPU = Release|Any CPU
	EndGlobalSection
	GlobalSection(ProjectConfigurationPlatforms) = postSolution
		{6E8068FB-8A5F-4BF5-B62C-DFB2E19200F4}.Debug|Any CPU.ActiveCfg = Debug|Any CPU
		{6E8068FB-8A5F-4BF5-B62C-DFB2E19200F4}.Debug|Any CPU.Build.0 = Debug|Any CPU
		{6E8068FB-8A5F-4BF5-B62C-DFB2E19200F4}.Release|Any CPU.ActiveCfg = Release|Any CPU
		{6E8068FB-8A5F-4BF5-B62C-DFB2E19200F4}.Release|Any CPU.Build.0 = Release|Any CPU
	EndGlobalSection
	GlobalSection(SolutionProperties) = preSolution
		HideSolutionNode = FALSE
	EndGlobalSection
	GlobalSection(ExtensibilityGlobals) = postSolution
		SolutionGuid = {19764798-A0E8-40A5-9C07-2C4ADA6691FA}
	EndGlobalSection
EndGlobal
